
Microsoft Visual Studio Solution File, Format Version 12.00
# Visual Studio 15
VisualStudioVersion = 15.0.27703.2042
MinimumVisualStudioVersion = 10.0.40219.1
Project("{FAE04EC0-301F-11D3-BF4B-00C04F79EFBC}") = "LGJ.ClothingSaleApi.WebApi", "LGJ.ClothingSaleApi.WebApi\LGJ.ClothingSaleApi.WebApi.csproj", "{2D89D151-07DA-4422-8E53-B87B6C9A0516}"
EndProject
Project("{FAE04EC0-301F-11D3-BF4B-00C04F79EFBC}") = "LGJ.ClothingSale.DataAccess", "LGJ.ClothingSale.DataAccess\LGJ.ClothingSale.DataAccess.csproj", "{03080485-5CFE-447D-BF95-CB2ACBD71CA8}"
EndProject
Project("{FAE04EC0-301F-11D3-BF4B-00C04F79EFBC}") = "LGJ.ClothingSale.Business", "LGJ.ClothingSale.Business\LGJ.ClothingSale.Business.csproj", "{38976EBE-D306-4D81-9190-1C97AF34524A}"
EndProject
Project("{FAE04EC0-301F-11D3-BF4B-00C04F79EFBC}") = "LGJ.ClothingSale.Models", "LGJ.ClothingSale.Models\LGJ.ClothingSale.Models.csproj", "{5BFB76A8-51BB-49A3-96A4-5ED0C81CB753}"
EndProject
Project("{FAE04EC0-301F-11D3-BF4B-00C04F79EFBC}") = "LGJ.ClothingSale.IdentityServerApi", "LGJ.ClothingSale.IdentityServerApi\LGJ.ClothingSale.IdentityServerApi.csproj", "{FA6161A5-D516-41A8-ADBE-764D08EA54E8}"
EndProject
Global
	GlobalSection(SolutionConfigurationPlatforms) = preSolution
		Debug|Any CPU = Debug|Any CPU
		Release|Any CPU = Release|Any CPU
	EndGlobalSection
	GlobalSection(ProjectConfigurationPlatforms) = postSolution
		{2D89D151-07DA-4422-8E53-B87B6C9A0516}.Debug|Any CPU.ActiveCfg = Debug|Any CPU
		{2D89D151-07DA-4422-8E53-B87B6C9A0516}.Debug|Any CPU.Build.0 = Debug|Any CPU
		{2D89D151-07DA-4422-8E53-B87B6C9A0516}.Release|Any CPU.ActiveCfg = Release|Any CPU
		{2D89D151-07DA-4422-8E53-B87B6C9A0516}.Release|Any CPU.Build.0 = Release|Any CPU
		{03080485-5CFE-447D-BF95-CB2ACBD71CA8}.Debug|Any CPU.ActiveCfg = Debug|Any CPU
		{03080485-5CFE-447D-BF95-CB2ACBD71CA8}.Debug|Any CPU.Build.0 = Debug|Any CPU
		{03080485-5CFE-447D-BF95-CB2ACBD71CA8}.Release|Any CPU.ActiveCfg = Release|Any CPU
		{03080485-5CFE-447D-BF95-CB2ACBD71CA8}.Release|Any CPU.Build.0 = Release|Any CPU
		{38976EBE-D306-4D81-9190-1C97AF34524A}.Debug|Any CPU.ActiveCfg = Debug|Any CPU
		{38976EBE-D306-4D81-9190-1C97AF34524A}.Debug|Any CPU.Build.0 = Debug|Any CPU
		{38976EBE-D306-4D81-9190-1C97AF34524A}.Release|Any CPU.ActiveCfg = Release|Any CPU
		{38976EBE-D306-4D81-9190-1C97AF34524A}.Release|Any CPU.Build.0 = Release|Any CPU
		{5BFB76A8-51BB-49A3-96A4-5ED0C81CB753}.Debug|Any CPU.ActiveCfg = Debug|Any CPU
		{5BFB76A8-51BB-49A3-96A4-5ED0C81CB753}.Debug|Any CPU.Build.0 = Debug|Any CPU
		{5BFB76A8-51BB-49A3-96A4-5ED0C81CB753}.Release|Any CPU.ActiveCfg = Release|Any CPU
		{5BFB76A8-51BB-49A3-96A4-5ED0C81CB753}.Release|Any CPU.Build.0 = Release|Any CPU
		{FA6161A5-D516-41A8-ADBE-764D08EA54E8}.Debug|Any CPU.ActiveCfg = Debug|Any CPU
		{FA6161A5-D516-41A8-ADBE-764D08EA54E8}.Debug|Any CPU.Build.0 = Debug|Any CPU
		{FA6161A5-D516-41A8-ADBE-764D08EA54E8}.Release|Any CPU.ActiveCfg = Release|Any CPU
		{FA6161A5-D516-41A8-ADBE-764D08EA54E8}.Release|Any CPU.Build.0 = Release|Any CPU
	EndGlobalSection
	GlobalSection(SolutionProperties) = preSolution
		HideSolutionNode = FALSE
	EndGlobalSection
	GlobalSection(ExtensibilityGlobals) = postSolution
		SolutionGuid = {01B4B777-EA28-410F-966D-4A572ED66695}
	EndGlobalSection
EndGlobal
